// !$*UTF8*$!
{
	archiveVersion = 1;
	classes = {
	};
	objectVersion = 46;
	objects = {

/* Begin PBXBuildFile section */
		522EFA4A1A97ADB4004CFE33 /* AppDelegate.swift in Sources */ = {isa = PBXBuildFile; fileRef = 522EFA491A97ADB4004CFE33 /* AppDelegate.swift */; };
		522EFA4C1A97ADB4004CFE33 /* ViewController.swift in Sources */ = {isa = PBXBuildFile; fileRef = 522EFA4B1A97ADB4004CFE33 /* ViewController.swift */; };
		522EFA4F1A97ADB4004CFE33 /* Main.storyboard in Resources */ = {isa = PBXBuildFile; fileRef = 522EFA4D1A97ADB4004CFE33 /* Main.storyboard */; };
		522EFA511A97ADB4004CFE33 /* Images.xcassets in Resources */ = {isa = PBXBuildFile; fileRef = 522EFA501A97ADB4004CFE33 /* Images.xcassets */; };
		522EFA541A97ADB4004CFE33 /* LaunchScreen.xib in Resources */ = {isa = PBXBuildFile; fileRef = 522EFA521A97ADB4004CFE33 /* LaunchScreen.xib */; };
		522EFA601A97ADB4004CFE33 /* iOSTutorialOverlayTests.swift in Sources */ = {isa = PBXBuildFile; fileRef = 522EFA5F1A97ADB4004CFE33 /* iOSTutorialOverlayTests.swift */; };
		52F2FA8F1A9A88B100DC63E8 /* JNTutorialOverlay.swift in Sources */ = {isa = PBXBuildFile; fileRef = 52F2FA8E1A9A88B100DC63E8 /* JNTutorialOverlay.swift */; };
/* End PBXBuildFile section */

/* Begin PBXContainerItemProxy section */
		522EFA5A1A97ADB4004CFE33 /* PBXContainerItemProxy */ = {
			isa = PBXContainerItemProxy;
			containerPortal = 522EFA3C1A97ADB4004CFE33 /* Project object */;
			proxyType = 1;
			remoteGlobalIDString = 522EFA431A97ADB4004CFE33;
			remoteInfo = iOSTutorialOverlay;
		};
/* End PBXContainerItemProxy section */

/* Begin PBXFileReference section */
		522EFA441A97ADB4004CFE33 /* iOSTutorialOverlay.app */ = {isa = PBXFileReference; explicitFileType = wrapper.application; includeInIndex = 0; path = iOSTutorialOverlay.app; sourceTree = BUILT_PRODUCTS_DIR; };
		522EFA481A97ADB4004CFE33 /* Info.plist */ = {isa = PBXFileReference; lastKnownFileType = text.plist.xml; path = Info.plist; sourceTree = "<group>"; };
		522EFA491A97ADB4004CFE33 /* AppDelegate.swift */ = {isa = PBXFileReference; lastKnownFileType = sourcecode.swift; path = AppDelegate.swift; sourceTree = "<group>"; };
		522EFA4B1A97ADB4004CFE33 /* ViewController.swift */ = {isa = PBXFileReference; lastKnownFileType = sourcecode.swift; path = ViewController.swift; sourceTree = "<group>"; };
		522EFA4E1A97ADB4004CFE33 /* Base */ = {isa = PBXFileReference; lastKnownFileType = file.storyboard; name = Base; path = Base.lproj/Main.storyboard; sourceTree = "<group>"; };
		522EFA501A97ADB4004CFE33 /* Images.xcassets */ = {isa = PBXFileReference; lastKnownFileType = folder.assetcatalog; path = Images.xcassets; sourceTree = "<group>"; };
		522EFA531A97ADB4004CFE33 /* Base */ = {isa = PBXFileReference; lastKnownFileType = file.xib; name = Base; path = Base.lproj/LaunchScreen.xib; sourceTree = "<group>"; };
		522EFA591A97ADB4004CFE33 /* iOSTutorialOverlayTests.xctest */ = {isa = PBXFileReference; explicitFileType = wrapper.cfbundle; includeInIndex = 0; path = iOSTutorialOverlayTests.xctest; sourceTree = BUILT_PRODUCTS_DIR; };
		522EFA5E1A97ADB4004CFE33 /* Info.plist */ = {isa = PBXFileReference; lastKnownFileType = text.plist.xml; path = Info.plist; sourceTree = "<group>"; };
		522EFA5F1A97ADB4004CFE33 /* iOSTutorialOverlayTests.swift */ = {isa = PBXFileReference; lastKnownFileType = sourcecode.swift; path = iOSTutorialOverlayTests.swift; sourceTree = "<group>"; };
		52F2FA8E1A9A88B100DC63E8 /* JNTutorialOverlay.swift */ = {isa = PBXFileReference; fileEncoding = 4; lastKnownFileType = sourcecode.swift; path = JNTutorialOverlay.swift; sourceTree = "<group>"; };
/* End PBXFileReference section */

/* Begin PBXFrameworksBuildPhase section */
		522EFA411A97ADB4004CFE33 /* Frameworks */ = {
			isa = PBXFrameworksBuildPhase;
			buildActionMask = 2147483647;
			files = (
			);
			runOnlyForDeploymentPostprocessing = 0;
		};
		522EFA561A97ADB4004CFE33 /* Frameworks */ = {
			isa = PBXFrameworksBuildPhase;
			buildActionMask = 2147483647;
			files = (
			);
			runOnlyForDeploymentPostprocessing = 0;
		};
/* End PBXFrameworksBuildPhase section */

/* Begin PBXGroup section */
		522EFA3B1A97ADB4004CFE33 = {
			isa = PBXGroup;
			children = (
				522EFA461A97ADB4004CFE33 /* iOSTutorialOverlay */,
				522EFA5C1A97ADB4004CFE33 /* iOSTutorialOverlayTests */,
				522EFA451A97ADB4004CFE33 /* Products */,
			);
			sourceTree = "<group>";
		};
		522EFA451A97ADB4004CFE33 /* Products */ = {
			isa = PBXGroup;
			children = (
				522EFA441A97ADB4004CFE33 /* iOSTutorialOverlay.app */,
				522EFA591A97ADB4004CFE33 /* iOSTutorialOverlayTests.xctest */,
			);
			name = Products;
			sourceTree = "<group>";
		};
		522EFA461A97ADB4004CFE33 /* iOSTutorialOverlay */ = {
			isa = PBXGroup;
			children = (
				522EFA491A97ADB4004CFE33 /* AppDelegate.swift */,
				522EFA4B1A97ADB4004CFE33 /* ViewController.swift */,
				52F2FA8E1A9A88B100DC63E8 /* JNTutorialOverlay.swift */,
				522EFA4D1A97ADB4004CFE33 /* Main.storyboard */,
				522EFA501A97ADB4004CFE33 /* Images.xcassets */,
				522EFA521A97ADB4004CFE33 /* LaunchScreen.xib */,
				522EFA471A97ADB4004CFE33 /* Supporting Files */,
			);
			path = iOSTutorialOverlay;
			sourceTree = "<group>";
		};
		522EFA471A97ADB4004CFE33 /* Supporting Files */ = {
			isa = PBXGroup;
			children = (
				522EFA481A97ADB4004CFE33 /* Info.plist */,
			);
			name = "Supporting Files";
			sourceTree = "<group>";
		};
		522EFA5C1A97ADB4004CFE33 /* iOSTutorialOverlayTests */ = {
			isa = PBXGroup;
			children = (
				522EFA5F1A97ADB4004CFE33 /* iOSTutorialOverlayTests.swift */,
				522EFA5D1A97ADB4004CFE33 /* Supporting Files */,
			);
			path = iOSTutorialOverlayTests;
			sourceTree = "<group>";
		};
		522EFA5D1A97ADB4004CFE33 /* Supporting Files */ = {
			isa = PBXGroup;
			children = (
				522EFA5E1A97ADB4004CFE33 /* Info.plist */,
			);
			name = "Supporting Files";
			sourceTree = "<group>";
		};
/* End PBXGroup section */

/* Begin PBXNativeTarget section */
		522EFA431A97ADB4004CFE33 /* iOSTutorialOverlay */ = {
			isa = PBXNativeTarget;
			buildConfigurationList = 522EFA631A97ADB4004CFE33 /* Build configuration list for PBXNativeTarget "iOSTutorialOverlay" */;
			buildPhases = (
				522EFA401A97ADB4004CFE33 /* Sources */,
				522EFA411A97ADB4004CFE33 /* Frameworks */,
				522EFA421A97ADB4004CFE33 /* Resources */,
			);
			buildRules = (
			);
			dependencies = (
			);
			name = iOSTutorialOverlay;
			productName = iOSTutorialOverlay;
			productReference = 522EFA441A97ADB4004CFE33 /* iOSTutorialOverlay.app */;
			productType = "com.apple.product-type.application";
		};
		522EFA581A97ADB4004CFE33 /* iOSTutorialOverlayTests */ = {
			isa = PBXNativeTarget;
			buildConfigurationList = 522EFA661A97ADB4004CFE33 /* Build configuration list for PBXNativeTarget "iOSTutorialOverlayTests" */;
			buildPhases = (
				522EFA551A97ADB4004CFE33 /* Sources */,
				522EFA561A97ADB4004CFE33 /* Frameworks */,
				522EFA571A97ADB4004CFE33 /* Resources */,
			);
			buildRules = (
			);
			dependencies = (
				522EFA5B1A97ADB4004CFE33 /* PBXTargetDependency */,
			);
			name = iOSTutorialOverlayTests;
			productName = iOSTutorialOverlayTests;
			productReference = 522EFA591A97ADB4004CFE33 /* iOSTutorialOverlayTests.xctest */;
			productType = "com.apple.product-type.bundle.unit-test";
		};
/* End PBXNativeTarget section */

/* Begin PBXProject section */
		522EFA3C1A97ADB4004CFE33 /* Project object */ = {
			isa = PBXProject;
			attributes = {
				LastUpgradeCheck = 0610;
				ORGANIZATIONNAME = "Audio Y";
				TargetAttributes = {
					522EFA431A97ADB4004CFE33 = {
						CreatedOnToolsVersion = 6.1.1;
						DevelopmentTeam = 934G859M3Y;
					};
					522EFA581A97ADB4004CFE33 = {
						CreatedOnToolsVersion = 6.1.1;
						TestTargetID = 522EFA431A97ADB4004CFE33;
					};
				};
			};
			buildConfigurationList = 522EFA3F1A97ADB4004CFE33 /* Build configuration list for PBXProject "iOSTutorialOverlay" */;
			compatibilityVersion = "Xcode 3.2";
			developmentRegion = English;
			hasScannedForEncodings = 0;
			knownRegions = (
				en,
				Base,
			);
			mainGroup = 522EFA3B1A97ADB4004CFE33;
			productRefGroup = 522EFA451A97ADB4004CFE33 /* Products */;
			projectDirPath = "";
			projectRoot = "";
			targets = (
				522EFA431A97ADB4004CFE33 /* iOSTutorialOverlay */,
				522EFA581A97ADB4004CFE33 /* iOSTutorialOverlayTests */,
			);
		};
/* End PBXProject section */

/* Begin PBXResourcesBuildPhase section */
		522EFA421A97ADB4004CFE33 /* Resources */ = {
			isa = PBXResourcesBuildPhase;
			buildActionMask = 2147483647;
			files = (
				522EFA4F1A97ADB4004CFE33 /* Main.storyboard in Resources */,
				522EFA541A97ADB4004CFE33 /* LaunchScreen.xib in Resources */,
				522EFA511A97ADB4004CFE33 /* Images.xcassets in Resources */,
			);
			runOnlyForDeploymentPostprocessing = 0;
		};
		522EFA571A97ADB4004CFE33 /* Resources */ = {
			isa = PBXResourcesBuildPhase;
			buildActionMask = 2147483647;
			files = (
			);
			runOnlyForDeploymentPostprocessing = 0;
		};
/* End PBXResourcesBuildPhase section */

/* Begin PBXSourcesBuildPhase section */
		522EFA401A97ADB4004CFE33 /* Sources */ = {
			isa = PBXSourcesBuildPhase;
			buildActionMask = 2147483647;
			files = (
				522EFA4C1A97ADB4004CFE33 /* ViewController.swift in Sources */,
				52F2FA8F1A9A88B100DC63E8 /* JNTutorialOverlay.swift in Sources */,
				522EFA4A1A97ADB4004CFE33 /* AppDelegate.swift in Sources */,
			);
			runOnlyForDeploymentPostprocessing = 0;
		};
		522EFA551A97ADB4004CFE33 /* Sources */ = {
			isa = PBXSourcesBuildPhase;
			buildActionMask = 2147483647;
			files = (
				522EFA601A97ADB4004CFE33 /* iOSTutorialOverlayTests.swift in Sources */,
			);
			runOnlyForDeploymentPostprocessing = 0;
		};
/* End PBXSourcesBuildPhase section */

/* Begin PBXTargetDependency section */
		522EFA5B1A97ADB4004CFE33 /* PBXTargetDependency */ = {
			isa = PBXTargetDependency;
			target = 522EFA431A97ADB4004CFE33 /* iOSTutorialOverlay */;
			targetProxy = 522EFA5A1A97ADB4004CFE33 /* PBXContainerItemProxy */;
		};
/* End PBXTargetDependency section */

/* Begin PBXVariantGroup section */
		522EFA4D1A97ADB4004CFE33 /* Main.storyboard */ = {
			isa = PBXVariantGroup;
			children = (
				522EFA4E1A97ADB4004CFE33 /* Base */,
			);
			name = Main.storyboard;
			sourceTree = "<group>";
		};
		522EFA521A97ADB4004CFE33 /* LaunchScreen.xib */ = {
			isa = PBXVariantGroup;
			children = (
				522EFA531A97ADB4004CFE33 /* Base */,
			);
			name = LaunchScreen.xib;
			sourceTree = "<group>";
		};
/* End PBXVariantGroup section */

/* Begin XCBuildConfiguration section */
		522EFA611A97ADB4004CFE33 /* Debug */ = {
			isa = XCBuildConfiguration;
			buildSettings = {
				ALWAYS_SEARCH_USER_PATHS = NO;
				CLANG_CXX_LANGUAGE_STANDARD = "gnu++0x";
				CLANG_CXX_LIBRARY = "libc++";
				CLANG_ENABLE_MODULES = YES;
				CLANG_ENABLE_OBJC_ARC = YES;
				CLANG_WARN_BOOL_CONVERSION = YES;
				CLANG_WARN_CONSTANT_CONVERSION = YES;
				CLANG_WARN_DIRECT_OBJC_ISA_USAGE = YES_ERROR;
				CLANG_WARN_EMPTY_BODY = YES;
				CLANG_WARN_ENUM_CONVERSION = YES;
				CLANG_WARN_INT_CONVERSION = YES;
				CLANG_WARN_OBJC_ROOT_CLASS = YES_ERROR;
				CLANG_WARN_UNREACHABLE_CODE = YES;
				CLANG_WARN__DUPLICATE_METHOD_MATCH = YES;
				"CODE_SIGN_IDENTITY[sdk=iphoneos*]" = "iPhone Developer";
				COPY_PHASE_STRIP = NO;
				ENABLE_STRICT_OBJC_MSGSEND = YES;
				GCC_C_LANGUAGE_STANDARD = gnu99;
				GCC_DYNAMIC_NO_PIC = NO;
				GCC_OPTIMIZATION_LEVEL = 0;
				GCC_PREPROCESSOR_DEFINITIONS = (
					"DEBUG=1",
					"$(inherited)",
				);
				GCC_SYMBOLS_PRIVATE_EXTERN = NO;
				GCC_WARN_64_TO_32_BIT_CONVERSION = YES;
				GCC_WARN_ABOUT_RETURN_TYPE = YES_ERROR;
				GCC_WARN_UNDECLARED_SELECTOR = YES;
				GCC_WARN_UNINITIALIZED_AUTOS = YES_AGGRESSIVE;
				GCC_WARN_UNUSED_FUNCTION = YES;
				GCC_WARN_UNUSED_VARIABLE = YES;
				IPHONEOS_DEPLOYMENT_TARGET = 8.1;
				MTL_ENABLE_DEBUG_INFO = YES;
				ONLY_ACTIVE_ARCH = YES;
				SDKROOT = iphoneos;
				SWIFT_OPTIMIZATION_LEVEL = "-Onone";
			};
			name = Debug;
		};
		522EFA621A97ADB4004CFE33 /* Release */ = {
			isa = XCBuildConfiguration;
			buildSettings = {
				ALWAYS_SEARCH_USER_PATHS = NO;
				CLANG_CXX_LANGUAGE_STANDARD = "gnu++0x";
				CLANG_CXX_LIBRARY = "libc++";
				CLANG_ENABLE_MODULES = YES;
				CLANG_ENABLE_OBJC_ARC = YES;
				CLANG_WARN_BOOL_CONVERSION = YES;
				CLANG_WARN_CONSTANT_CONVERSION = YES;
				CLANG_WARN_DIRECT_OBJC_ISA_USAGE = YES_ERROR;
				CLANG_WARN_EMPTY_BODY = YES;
				CLANG_WARN_ENUM_CONVERSION = YES;
				CLANG_WARN_INT_CONVERSION = YES;
				CLANG_WARN_OBJC_ROOT_CLASS = YES_ERROR;
				CLANG_WARN_UNREACHABLE_CODE = YES;
				CLANG_WARN__DUPLICATE_METHOD_MATCH = YES;
				"CODE_SIGN_IDENTITY[sdk=iphoneos*]" = "iPhone Developer";
				COPY_PHASE_STRIP = YES;
				ENABLE_NS_ASSERTIONS = NO;
				ENABLE_STRICT_OBJC_MSGSEND = YES;
				GCC_C_LANGUAGE_STANDARD = gnu99;
				GCC_WARN_64_TO_32_BIT_CONVERSION = YES;
				GCC_WARN_ABOUT_RETURN_TYPE = YES_ERROR;
				GCC_WARN_UNDECLARED_SELECTOR = YES;
				GCC_WARN_UNINITIALIZED_AUTOS = YES_AGGRESSIVE;
				GCC_WARN_UNUSED_FUNCTION = YES;
				GCC_WARN_UNUSED_VARIABLE = YES;
				IPHONEOS_DEPLOYMENT_TARGET = 8.1;
				MTL_ENABLE_DEBUG_INFO = NO;
				SDKROOT = iphoneos;
				VALIDATE_PRODUCT = YES;
			};
			name = Release;
		};
		522EFA641A97ADB4004CFE33 /* Debug */ = {
			isa = XCBuildConfiguration;
			buildSettings = {
				ASSETCATALOG_COMPILER_APPICON_NAME = AppIcon;
				CODE_SIGN_IDENTITY = "iPhone Developer";
				INFOPLIST_FILE = iOSTutorialOverlay/Info.plist;
				LD_RUNPATH_SEARCH_PATHS = "$(inherited) @executable_path/Frameworks";
				PRODUCT_NAME = "$(TARGET_NAME)";
			};
			name = Debug;
		};
		522EFA651A97ADB4004CFE33 /* Release */ = {
			isa = XCBuildConfiguration;
			buildSettings = {
				ASSETCATALOG_COMPILER_APPICON_NAME = AppIcon;
				CODE_SIGN_IDENTITY = "iPhone Developer";
				INFOPLIST_FILE = iOSTutorialOverlay/Info.plist;
				LD_RUNPATH_SEARCH_PATHS = "$(inherited) @executable_path/Frameworks";
				PRODUCT_NAME = "$(TARGET_NAME)";
			};
			name = Release;
		};
		522EFA671A97ADB4004CFE33 /* Debug */ = {
			isa = XCBuildConfiguration;
			buildSettings = {
				BUNDLE_LOADER = "$(TEST_HOST)";
				FRAMEWORK_SEARCH_PATHS = (
					"$(SDKROOT)/Developer/Library/Frameworks",
					"$(inherited)",
				);
				GCC_PREPROCESSOR_DEFINITIONS = (
					"DEBUG=1",
					"$(inherited)",
				);
				INFOPLIST_FILE = iOSTutorialOverlayTests/Info.plist;
				LD_RUNPATH_SEARCH_PATHS = "$(inherited) @executable_path/Frameworks @loader_path/Frameworks";
				PRODUCT_NAME = "$(TARGET_NAME)";
				TEST_HOST = "$(BUILT_PRODUCTS_DIR)/iOSTutorialOverlay.app/iOSTutorialOverlay";
			};
			name = Debug;
		};
		522EFA681A97ADB4004CFE33 /* Release */ = {
			isa = XCBuildConfiguration;
			buildSettings = {
				BUNDLE_LOADER = "$(TEST_HOST)";
				FRAMEWORK_SEARCH_PATHS = (
					"$(SDKROOT)/Developer/Library/Frameworks",
					"$(inherited)",
				);
				INFOPLIST_FILE = iOSTutorialOverlayTests/Info.plist;
				LD_RUNPATH_SEARCH_PATHS = "$(inherited) @executable_path/Frameworks @loader_path/Frameworks";
				PRODUCT_NAME = "$(TARGET_NAME)";
				TEST_HOST = "$(BUILT_PRODUCTS_DIR)/iOSTutorialOverlay.app/iOSTutorialOverlay";
			};
			name = Release;
		};
/* End XCBuildConfiguration section */

/* Begin XCConfigurationList section */
		522EFA3F1A97ADB4004CFE33 /* Build configuration list for PBXProject "iOSTutorialOverlay" */ = {
			isa = XCConfigurationList;
			buildConfigurations = (
				522EFA611A97ADB4004CFE33 /* Debug */,
				522EFA621A97ADB4004CFE33 /* Release */,
			);
			defaultConfigurationIsVisible = 0;
			defaultConfigurationName = Release;
		};
		522EFA631A97ADB4004CFE33 /* Build configuration list for PBXNativeTarget "iOSTutorialOverlay" */ = {
			isa = XCConfigurationList;
			buildConfigurations = (
				522EFA641A97ADB4004CFE33 /* Debug */,
				522EFA651A97ADB4004CFE33 /* Release */,
			);
			defaultConfigurationIsVisible = 0;
			defaultConfigurationName = Release;
		};
		522EFA661A97ADB4004CFE33 /* Build configuration list for PBXNativeTarget "iOSTutorialOverlayTests" */ = {
			isa = XCConfigurationList;
			buildConfigurations = (
				522EFA671A97ADB4004CFE33 /* Debug */,
				522EFA681A97ADB4004CFE33 /* Release */,
			);
			defaultConfigurationIsVisible = 0;
			defaultConfigurationName = Release;
		};
/* End XCConfigurationList section */
	};
	rootObject = 522EFA3C1A97ADB4004CFE33 /* Project object */;
}
